// !$*UTF8*$!
{
	archiveVersion = 1;
	classes = {
	};
	objectVersion = 55;
	objects = {

/* Begin PBXBuildFile section */
		630812572E5866D900536FE7 /* OSBARCScannerHint.swift in Sources */ = {isa = PBXBuildFile; fileRef = 630812562E5866C700536FE7 /* OSBARCScannerHint.swift */; };
		6308125D2E58902B00536FE7 /* OSBARCScannerHint+VNBarcodeSymbology.swift in Sources */ = {isa = PBXBuildFile; fileRef = 6308125C2E58902100536FE7 /* OSBARCScannerHint+VNBarcodeSymbology.swift */; };
		6308125F2E5891ED00536FE7 /* OSBARCScanParameters.swift in Sources */ = {isa = PBXBuildFile; fileRef = 6308125E2E5891E700536FE7 /* OSBARCScanParameters.swift */; };
		630812612E589F5A00536FE7 /* OSBARCScanResult.swift in Sources */ = {isa = PBXBuildFile; fileRef = 630812602E589F5600536FE7 /* OSBARCScanResult.swift */; };
		7507FC1B27FC2AAE003809F6 /* OSBarcodeLib.framework in Frameworks */ = {isa = PBXBuildFile; fileRef = 7507FC1227FC2AAE003809F6 /* OSBarcodeLib.framework */; };
		750B35872AFA93B100F90083 /* OSBARCScannerViewConfigurationValues.swift in Sources */ = {isa = PBXBuildFile; fileRef = 750B35862AFA93B100F90083 /* OSBARCScannerViewConfigurationValues.swift */; };
		7513C4852B03E86B005E81C4 /* OSBARCDeviceTypeModel.swift in Sources */ = {isa = PBXBuildFile; fileRef = 7513C4802B03E86B005E81C4 /* OSBARCDeviceTypeModel.swift */; };
		7513C4862B03E86B005E81C4 /* OSBARCOrientationModel.swift in Sources */ = {isa = PBXBuildFile; fileRef = 7513C4812B03E86B005E81C4 /* OSBARCOrientationModel.swift */; };
		7513C4872B03E86B005E81C4 /* OSBARCDeviceTypeModelMappable.swift in Sources */ = {isa = PBXBuildFile; fileRef = 7513C4832B03E86B005E81C4 /* OSBARCDeviceTypeModelMappable.swift */; };
		7513C4882B03E86B005E81C4 /* OSBARCModelMappable.swift in Sources */ = {isa = PBXBuildFile; fileRef = 7513C4842B03E86B005E81C4 /* OSBARCModelMappable.swift */; };
		7513C48A2B03E8D6005E81C4 /* OSBARCScannerViewHostingController.swift in Sources */ = {isa = PBXBuildFile; fileRef = 7513C4892B03E8D6005E81C4 /* OSBARCScannerViewHostingController.swift */; };
		7513C48D2B03E8DF005E81C4 /* UIUserInterfaceIdiom+OSBARCModelMappable.swift in Sources */ = {isa = PBXBuildFile; fileRef = 7513C48B2B03E8DE005E81C4 /* UIUserInterfaceIdiom+OSBARCModelMappable.swift */; };
		7513C48E2B03E8DF005E81C4 /* UIInterfaceOrientationMask+OSBARCModelMappable.swift in Sources */ = {isa = PBXBuildFile; fileRef = 7513C48C2B03E8DE005E81C4 /* UIInterfaceOrientationMask+OSBARCModelMappable.swift */; };
		7513C4902B03E922005E81C4 /* AVCaptureVideoOrientation+CustomInit.swift in Sources */ = {isa = PBXBuildFile; fileRef = 7513C48F2B03E922005E81C4 /* AVCaptureVideoOrientation+CustomInit.swift */; };
		75183A142B73817000AFC687 /* OSBARCZoomButton.swift in Sources */ = {isa = PBXBuildFile; fileRef = 75183A132B73817000AFC687 /* OSBARCZoomButton.swift */; };
		75183A162B7389EC00AFC687 /* Float+DecimalPlacesCleaner.swift in Sources */ = {isa = PBXBuildFile; fileRef = 75183A152B7389EC00AFC687 /* Float+DecimalPlacesCleaner.swift */; };
		75183A182B73936500AFC687 /* OSBARCZoomSelectorView.swift in Sources */ = {isa = PBXBuildFile; fileRef = 75183A172B73936500AFC687 /* OSBARCZoomSelectorView.swift */; };
		75508CE12B7A793A00507B09 /* OSBARCCameraChange.swift in Sources */ = {isa = PBXBuildFile; fileRef = 75508CE02B7A793A00507B09 /* OSBARCCameraChange.swift */; };
		7554D70B2AFA3A0E00D4261C /* OSBARCTorchButton.swift in Sources */ = {isa = PBXBuildFile; fileRef = 7554D70A2AFA3A0E00D4261C /* OSBARCTorchButton.swift */; };
		75562B3D2B17676D00F31AF6 /* Notification+CustomEvents.swift in Sources */ = {isa = PBXBuildFile; fileRef = 75562B3C2B17676D00F31AF6 /* Notification+CustomEvents.swift */; };
		75562B3F2B1767C100F31AF6 /* UIApplication+Window.swift in Sources */ = {isa = PBXBuildFile; fileRef = 75562B3E2B1767C100F31AF6 /* UIApplication+Window.swift */; };
		755AB5882B768425006B6507 /* OSBARCCaptureOutputDecoder.swift in Sources */ = {isa = PBXBuildFile; fileRef = 755AB5872B768425006B6507 /* OSBARCCaptureOutputDecoder.swift */; };
		756E17412B754B2200D594DA /* OSBARCScannerViewModel.swift in Sources */ = {isa = PBXBuildFile; fileRef = 756E17402B754B2200D594DA /* OSBARCScannerViewModel.swift */; };
		756E17452B754B6400D594DA /* OSBARCCameraManager.swift in Sources */ = {isa = PBXBuildFile; fileRef = 756E17442B754B6400D594DA /* OSBARCCameraManager.swift */; };
		756E17482B754C0900D594DA /* OSBARCCameraManagerEnums.swift in Sources */ = {isa = PBXBuildFile; fileRef = 756E17472B754C0900D594DA /* OSBARCCameraManagerEnums.swift */; };
		756E174A2B754C4700D594DA /* OSBARCCameraType+DeviceType.swift in Sources */ = {isa = PBXBuildFile; fileRef = 756E17492B754C4700D594DA /* OSBARCCameraType+DeviceType.swift */; };
		756E174C2B754C7600D594DA /* OSBARCCaptureSessionManager.swift in Sources */ = {isa = PBXBuildFile; fileRef = 756E174B2B754C7600D594DA /* OSBARCCaptureSessionManager.swift */; };
		758E6C162B0238FF00FC16D9 /* OSBARCCameraModel.swift in Sources */ = {isa = PBXBuildFile; fileRef = 758E6C152B0238FF00FC16D9 /* OSBARCCameraModel.swift */; };
		758E6C192B0239E700FC16D9 /* AVCaptureDevice+OSBARCModelMappable.swift in Sources */ = {isa = PBXBuildFile; fileRef = 758E6C182B0239E700FC16D9 /* AVCaptureDevice+OSBARCModelMappable.swift */; };
		75A1FC632AFA40D200AA775F /* OSBARCScannerView.xcassets in Resources */ = {isa = PBXBuildFile; fileRef = 75A1FC622AFA40D200AA775F /* OSBARCScannerView.xcassets */; };
		75C20B692AF4FD1900CCB5B1 /* OSBARCTestValues.swift in Sources */ = {isa = PBXBuildFile; fileRef = 75C20B682AF4FD1900CCB5B1 /* OSBARCTestValues.swift */; };
		75C20B6B2AF4FE0700CCB5B1 /* OSBARCManagerFactoryTests.swift in Sources */ = {isa = PBXBuildFile; fileRef = 75C20B6A2AF4FE0700CCB5B1 /* OSBARCManagerFactoryTests.swift */; };
		75D20FDC2AF16AC9009AD84D /* OSBARCManager.swift in Sources */ = {isa = PBXBuildFile; fileRef = 75D20FDB2AF16AC9009AD84D /* OSBARCManager.swift */; };
		75D20FDF2AF16AE4009AD84D /* OSBARCManagerProtocol.swift in Sources */ = {isa = PBXBuildFile; fileRef = 75D20FDE2AF16AE4009AD84D /* OSBARCManagerProtocol.swift */; };
		75D20FE22AF16B0A009AD84D /* OSBARCManagerFactory.swift in Sources */ = {isa = PBXBuildFile; fileRef = 75D20FE12AF16B0A009AD84D /* OSBARCManagerFactory.swift */; };
		75D20FE52AF17A87009AD84D /* OSBARCCoordinator.swift in Sources */ = {isa = PBXBuildFile; fileRef = 75D20FE42AF17A87009AD84D /* OSBARCCoordinator.swift */; };
		75D20FE72AF17AFC009AD84D /* OSBARCCoordinatorProtocol.swift in Sources */ = {isa = PBXBuildFile; fileRef = 75D20FE62AF17AFC009AD84D /* OSBARCCoordinatorProtocol.swift */; };
		75D20FE92AF17C1C009AD84D /* OSBARCPermissionsProtocol.swift in Sources */ = {isa = PBXBuildFile; fileRef = 75D20FE82AF17C1C009AD84D /* OSBARCPermissionsProtocol.swift */; };
		75D20FEB2AF17C8E009AD84D /* OSBARCPermissionsBehaviour.swift in Sources */ = {isa = PBXBuildFile; fileRef = 75D20FEA2AF17C8E009AD84D /* OSBARCPermissionsBehaviour.swift */; };
		75E2B1C72AF3A99A00DB689E /* OSBARCScannerView.swift in Sources */ = {isa = PBXBuildFile; fileRef = 75E2B1C62AF3A99A00DB689E /* OSBARCScannerView.swift */; };
		75E2B1CD2AF3AC5500DB689E /* OSBARCScannerBehaviour.swift in Sources */ = {isa = PBXBuildFile; fileRef = 75E2B1CC2AF3AC5500DB689E /* OSBARCScannerBehaviour.swift */; };
		75E2B1CF2AF3ACE900DB689E /* OSBARCScannerProtocol.swift in Sources */ = {isa = PBXBuildFile; fileRef = 75E2B1CE2AF3ACE900DB689E /* OSBARCScannerProtocol.swift */; };
		75E2B1D22AF3AE1200DB689E /* OSBARCCoordinatable.swift in Sources */ = {isa = PBXBuildFile; fileRef = 75E2B1D12AF3AE1200DB689E /* OSBARCCoordinatable.swift */; };
		75E2B1D42AF3C80C00DB689E /* OSBARCScannerViewController.swift in Sources */ = {isa = PBXBuildFile; fileRef = 75E2B1D32AF3C80C00DB689E /* OSBARCScannerViewController.swift */; };
		75E2B1D62AF3C93200DB689E /* OSBARCScannerViewControllerRepresentable.swift in Sources */ = {isa = PBXBuildFile; fileRef = 75E2B1D52AF3C93200DB689E /* OSBARCScannerViewControllerRepresentable.swift */; };
		75E2B2062AF4153900DB689E /* OSBARCManagerTests.swift in Sources */ = {isa = PBXBuildFile; fileRef = 75E2B2052AF4153900DB689E /* OSBARCManagerTests.swift */; };
		75E2B2092AF4156F00DB689E /* OSBARCPermissionsStub.swift in Sources */ = {isa = PBXBuildFile; fileRef = 75E2B2082AF4156F00DB689E /* OSBARCPermissionsStub.swift */; };
		75E2B20C2AF415C000DB689E /* OSBARCScannerStub.swift in Sources */ = {isa = PBXBuildFile; fileRef = 75E2B20B2AF415C000DB689E /* OSBARCScannerStub.swift */; };
		75E2B20F2AF41B5000DB689E /* View+CustomModifiers.swift in Sources */ = {isa = PBXBuildFile; fileRef = 75E2B20E2AF41B5000DB689E /* View+CustomModifiers.swift */; };
		75EF599A2B0E2F220084F144 /* OSBARCBackgroundView.swift in Sources */ = {isa = PBXBuildFile; fileRef = 75EF59992B0E2F220084F144 /* OSBARCBackgroundView.swift */; };
		75EF599E2B0E31620084F144 /* OSBARCCancelButton.swift in Sources */ = {isa = PBXBuildFile; fileRef = 75EF599D2B0E31620084F144 /* OSBARCCancelButton.swift */; };
		75EF59A02B0E44660084F144 /* OSBARCInstructionsText.swift in Sources */ = {isa = PBXBuildFile; fileRef = 75EF599F2B0E44660084F144 /* OSBARCInstructionsText.swift */; };
		75EF59A22B0E462B0084F144 /* OSBARCScanningZone.swift in Sources */ = {isa = PBXBuildFile; fileRef = 75EF59A12B0E462B0084F144 /* OSBARCScanningZone.swift */; };
		75EF59A42B0E4A410084F144 /* OSBARCScanButton.swift in Sources */ = {isa = PBXBuildFile; fileRef = 75EF59A32B0E4A410084F144 /* OSBARCScanButton.swift */; };
/* End PBXBuildFile section */

/* Begin PBXContainerItemProxy section */
		7507FC1C27FC2AAE003809F6 /* PBXContainerItemProxy */ = {
			isa = PBXContainerItemProxy;
			containerPortal = 7507FC0927FC2AAE003809F6 /* Project object */;
			proxyType = 1;
			remoteGlobalIDString = 7507FC1127FC2AAE003809F6;
			remoteInfo = OSBarcodeLib;
		};
/* End PBXContainerItemProxy section */

/* Begin PBXFileReference section */
		630812562E5866C700536FE7 /* OSBARCScannerHint.swift */ = {isa = PBXFileReference; lastKnownFileType = sourcecode.swift; path = OSBARCScannerHint.swift; sourceTree = "<group>"; };
		6308125C2E58902100536FE7 /* OSBARCScannerHint+VNBarcodeSymbology.swift */ = {isa = PBXFileReference; lastKnownFileType = sourcecode.swift; path = "OSBARCScannerHint+VNBarcodeSymbology.swift"; sourceTree = "<group>"; };
		6308125E2E5891E700536FE7 /* OSBARCScanParameters.swift */ = {isa = PBXFileReference; lastKnownFileType = sourcecode.swift; path = OSBARCScanParameters.swift; sourceTree = "<group>"; };
		630812602E589F5600536FE7 /* OSBARCScanResult.swift */ = {isa = PBXFileReference; lastKnownFileType = sourcecode.swift; path = OSBARCScanResult.swift; sourceTree = "<group>"; };
		7507FC1227FC2AAE003809F6 /* OSBarcodeLib.framework */ = {isa = PBXFileReference; explicitFileType = wrapper.framework; includeInIndex = 0; path = OSBarcodeLib.framework; sourceTree = BUILT_PRODUCTS_DIR; };
		7507FC1A27FC2AAE003809F6 /* OSBarcodeLibTests.xctest */ = {isa = PBXFileReference; explicitFileType = wrapper.cfbundle; includeInIndex = 0; path = OSBarcodeLibTests.xctest; sourceTree = BUILT_PRODUCTS_DIR; };
		750B35862AFA93B100F90083 /* OSBARCScannerViewConfigurationValues.swift */ = {isa = PBXFileReference; lastKnownFileType = sourcecode.swift; path = OSBARCScannerViewConfigurationValues.swift; sourceTree = "<group>"; };
		7513C4802B03E86B005E81C4 /* OSBARCDeviceTypeModel.swift */ = {isa = PBXFileReference; fileEncoding = 4; lastKnownFileType = sourcecode.swift; path = OSBARCDeviceTypeModel.swift; sourceTree = "<group>"; };
		7513C4812B03E86B005E81C4 /* OSBARCOrientationModel.swift */ = {isa = PBXFileReference; fileEncoding = 4; lastKnownFileType = sourcecode.swift; path = OSBARCOrientationModel.swift; sourceTree = "<group>"; };
		7513C4832B03E86B005E81C4 /* OSBARCDeviceTypeModelMappable.swift */ = {isa = PBXFileReference; fileEncoding = 4; lastKnownFileType = sourcecode.swift; path = OSBARCDeviceTypeModelMappable.swift; sourceTree = "<group>"; };
		7513C4842B03E86B005E81C4 /* OSBARCModelMappable.swift */ = {isa = PBXFileReference; fileEncoding = 4; lastKnownFileType = sourcecode.swift; path = OSBARCModelMappable.swift; sourceTree = "<group>"; };
		7513C4892B03E8D6005E81C4 /* OSBARCScannerViewHostingController.swift */ = {isa = PBXFileReference; fileEncoding = 4; lastKnownFileType = sourcecode.swift; path = OSBARCScannerViewHostingController.swift; sourceTree = "<group>"; };
		7513C48B2B03E8DE005E81C4 /* UIUserInterfaceIdiom+OSBARCModelMappable.swift */ = {isa = PBXFileReference; fileEncoding = 4; lastKnownFileType = sourcecode.swift; path = "UIUserInterfaceIdiom+OSBARCModelMappable.swift"; sourceTree = "<group>"; };
		7513C48C2B03E8DE005E81C4 /* UIInterfaceOrientationMask+OSBARCModelMappable.swift */ = {isa = PBXFileReference; fileEncoding = 4; lastKnownFileType = sourcecode.swift; path = "UIInterfaceOrientationMask+OSBARCModelMappable.swift"; sourceTree = "<group>"; };
		7513C48F2B03E922005E81C4 /* AVCaptureVideoOrientation+CustomInit.swift */ = {isa = PBXFileReference; lastKnownFileType = sourcecode.swift; path = "AVCaptureVideoOrientation+CustomInit.swift"; sourceTree = "<group>"; };
		75183A132B73817000AFC687 /* OSBARCZoomButton.swift */ = {isa = PBXFileReference; lastKnownFileType = sourcecode.swift; path = OSBARCZoomButton.swift; sourceTree = "<group>"; };
		75183A152B7389EC00AFC687 /* Float+DecimalPlacesCleaner.swift */ = {isa = PBXFileReference; lastKnownFileType = sourcecode.swift; path = "Float+DecimalPlacesCleaner.swift"; sourceTree = "<group>"; };
		75183A172B73936500AFC687 /* OSBARCZoomSelectorView.swift */ = {isa = PBXFileReference; lastKnownFileType = sourcecode.swift; path = OSBARCZoomSelectorView.swift; sourceTree = "<group>"; };
		75508CE02B7A793A00507B09 /* OSBARCCameraChange.swift */ = {isa = PBXFileReference; lastKnownFileType = sourcecode.swift; path = OSBARCCameraChange.swift; sourceTree = "<group>"; };
		7554D70A2AFA3A0E00D4261C /* OSBARCTorchButton.swift */ = {isa = PBXFileReference; lastKnownFileType = sourcecode.swift; path = OSBARCTorchButton.swift; sourceTree = "<group>"; };
		75562B3C2B17676D00F31AF6 /* Notification+CustomEvents.swift */ = {isa = PBXFileReference; lastKnownFileType = sourcecode.swift; path = "Notification+CustomEvents.swift"; sourceTree = "<group>"; };
		75562B3E2B1767C100F31AF6 /* UIApplication+Window.swift */ = {isa = PBXFileReference; lastKnownFileType = sourcecode.swift; path = "UIApplication+Window.swift"; sourceTree = "<group>"; };
		755AB5872B768425006B6507 /* OSBARCCaptureOutputDecoder.swift */ = {isa = PBXFileReference; fileEncoding = 4; lastKnownFileType = sourcecode.swift; path = OSBARCCaptureOutputDecoder.swift; sourceTree = "<group>"; };
		756E17402B754B2200D594DA /* OSBARCScannerViewModel.swift */ = {isa = PBXFileReference; lastKnownFileType = sourcecode.swift; path = OSBARCScannerViewModel.swift; sourceTree = "<group>"; };
		756E17442B754B6400D594DA /* OSBARCCameraManager.swift */ = {isa = PBXFileReference; lastKnownFileType = sourcecode.swift; path = OSBARCCameraManager.swift; sourceTree = "<group>"; };
		756E17472B754C0900D594DA /* OSBARCCameraManagerEnums.swift */ = {isa = PBXFileReference; lastKnownFileType = sourcecode.swift; path = OSBARCCameraManagerEnums.swift; sourceTree = "<group>"; };
		756E17492B754C4700D594DA /* OSBARCCameraType+DeviceType.swift */ = {isa = PBXFileReference; lastKnownFileType = sourcecode.swift; path = "OSBARCCameraType+DeviceType.swift"; sourceTree = "<group>"; };
		756E174B2B754C7600D594DA /* OSBARCCaptureSessionManager.swift */ = {isa = PBXFileReference; lastKnownFileType = sourcecode.swift; path = OSBARCCaptureSessionManager.swift; sourceTree = "<group>"; };
		758E6C152B0238FF00FC16D9 /* OSBARCCameraModel.swift */ = {isa = PBXFileReference; lastKnownFileType = sourcecode.swift; path = OSBARCCameraModel.swift; sourceTree = "<group>"; };
		758E6C182B0239E700FC16D9 /* AVCaptureDevice+OSBARCModelMappable.swift */ = {isa = PBXFileReference; lastKnownFileType = sourcecode.swift; path = "AVCaptureDevice+OSBARCModelMappable.swift"; sourceTree = "<group>"; };
		75A1FC622AFA40D200AA775F /* OSBARCScannerView.xcassets */ = {isa = PBXFileReference; lastKnownFileType = folder.assetcatalog; path = OSBARCScannerView.xcassets; sourceTree = "<group>"; };
		75C20B682AF4FD1900CCB5B1 /* OSBARCTestValues.swift */ = {isa = PBXFileReference; lastKnownFileType = sourcecode.swift; path = OSBARCTestValues.swift; sourceTree = "<group>"; };
		75C20B6A2AF4FE0700CCB5B1 /* OSBARCManagerFactoryTests.swift */ = {isa = PBXFileReference; lastKnownFileType = sourcecode.swift; path = OSBARCManagerFactoryTests.swift; sourceTree = "<group>"; };
		75D20FDB2AF16AC9009AD84D /* OSBARCManager.swift */ = {isa = PBXFileReference; lastKnownFileType = sourcecode.swift; path = OSBARCManager.swift; sourceTree = "<group>"; };
		75D20FDE2AF16AE4009AD84D /* OSBARCManagerProtocol.swift */ = {isa = PBXFileReference; lastKnownFileType = sourcecode.swift; path = OSBARCManagerProtocol.swift; sourceTree = "<group>"; };
		75D20FE12AF16B0A009AD84D /* OSBARCManagerFactory.swift */ = {isa = PBXFileReference; lastKnownFileType = sourcecode.swift; path = OSBARCManagerFactory.swift; sourceTree = "<group>"; };
		75D20FE42AF17A87009AD84D /* OSBARCCoordinator.swift */ = {isa = PBXFileReference; lastKnownFileType = sourcecode.swift; path = OSBARCCoordinator.swift; sourceTree = "<group>"; };
		75D20FE62AF17AFC009AD84D /* OSBARCCoordinatorProtocol.swift */ = {isa = PBXFileReference; lastKnownFileType = sourcecode.swift; path = OSBARCCoordinatorProtocol.swift; sourceTree = "<group>"; };
		75D20FE82AF17C1C009AD84D /* OSBARCPermissionsProtocol.swift */ = {isa = PBXFileReference; lastKnownFileType = sourcecode.swift; path = OSBARCPermissionsProtocol.swift; sourceTree = "<group>"; };
		75D20FEA2AF17C8E009AD84D /* OSBARCPermissionsBehaviour.swift */ = {isa = PBXFileReference; lastKnownFileType = sourcecode.swift; path = OSBARCPermissionsBehaviour.swift; sourceTree = "<group>"; };
		75E2B1C62AF3A99A00DB689E /* OSBARCScannerView.swift */ = {isa = PBXFileReference; lastKnownFileType = sourcecode.swift; path = OSBARCScannerView.swift; sourceTree = "<group>"; };
		75E2B1CC2AF3AC5500DB689E /* OSBARCScannerBehaviour.swift */ = {isa = PBXFileReference; lastKnownFileType = sourcecode.swift; path = OSBARCScannerBehaviour.swift; sourceTree = "<group>"; };
		75E2B1CE2AF3ACE900DB689E /* OSBARCScannerProtocol.swift */ = {isa = PBXFileReference; lastKnownFileType = sourcecode.swift; path = OSBARCScannerProtocol.swift; sourceTree = "<group>"; };
		75E2B1D12AF3AE1200DB689E /* OSBARCCoordinatable.swift */ = {isa = PBXFileReference; lastKnownFileType = sourcecode.swift; path = OSBARCCoordinatable.swift; sourceTree = "<group>"; };
		75E2B1D32AF3C80C00DB689E /* OSBARCScannerViewController.swift */ = {isa = PBXFileReference; lastKnownFileType = sourcecode.swift; path = OSBARCScannerViewController.swift; sourceTree = "<group>"; };
		75E2B1D52AF3C93200DB689E /* OSBARCScannerViewControllerRepresentable.swift */ = {isa = PBXFileReference; lastKnownFileType = sourcecode.swift; path = OSBARCScannerViewControllerRepresentable.swift; sourceTree = "<group>"; };
		75E2B2052AF4153900DB689E /* OSBARCManagerTests.swift */ = {isa = PBXFileReference; lastKnownFileType = sourcecode.swift; path = OSBARCManagerTests.swift; sourceTree = "<group>"; };
		75E2B2082AF4156F00DB689E /* OSBARCPermissionsStub.swift */ = {isa = PBXFileReference; lastKnownFileType = sourcecode.swift; path = OSBARCPermissionsStub.swift; sourceTree = "<group>"; };
		75E2B20B2AF415C000DB689E /* OSBARCScannerStub.swift */ = {isa = PBXFileReference; lastKnownFileType = sourcecode.swift; path = OSBARCScannerStub.swift; sourceTree = "<group>"; };
		75E2B20E2AF41B5000DB689E /* View+CustomModifiers.swift */ = {isa = PBXFileReference; lastKnownFileType = sourcecode.swift; path = "View+CustomModifiers.swift"; sourceTree = "<group>"; };
		75EF59992B0E2F220084F144 /* OSBARCBackgroundView.swift */ = {isa = PBXFileReference; fileEncoding = 4; lastKnownFileType = sourcecode.swift; path = OSBARCBackgroundView.swift; sourceTree = "<group>"; };
		75EF599D2B0E31620084F144 /* OSBARCCancelButton.swift */ = {isa = PBXFileReference; lastKnownFileType = sourcecode.swift; path = OSBARCCancelButton.swift; sourceTree = "<group>"; };
		75EF599F2B0E44660084F144 /* OSBARCInstructionsText.swift */ = {isa = PBXFileReference; lastKnownFileType = sourcecode.swift; path = OSBARCInstructionsText.swift; sourceTree = "<group>"; };
		75EF59A12B0E462B0084F144 /* OSBARCScanningZone.swift */ = {isa = PBXFileReference; lastKnownFileType = sourcecode.swift; path = OSBARCScanningZone.swift; sourceTree = "<group>"; };
		75EF59A32B0E4A410084F144 /* OSBARCScanButton.swift */ = {isa = PBXFileReference; lastKnownFileType = sourcecode.swift; path = OSBARCScanButton.swift; sourceTree = "<group>"; };
/* End PBXFileReference section */

/* Begin PBXFrameworksBuildPhase section */
		7507FC0F27FC2AAE003809F6 /* Frameworks */ = {
			isa = PBXFrameworksBuildPhase;
			buildActionMask = 2147483647;
			files = (
			);
			runOnlyForDeploymentPostprocessing = 0;
		};
		7507FC1727FC2AAE003809F6 /* Frameworks */ = {
			isa = PBXFrameworksBuildPhase;
			buildActionMask = 2147483647;
			files = (
				7507FC1B27FC2AAE003809F6 /* OSBarcodeLib.framework in Frameworks */,
			);
			runOnlyForDeploymentPostprocessing = 0;
		};
/* End PBXFrameworksBuildPhase section */

/* Begin PBXGroup section */
		7507FC0827FC2AAE003809F6 = {
			isa = PBXGroup;
			children = (
				7507FC1427FC2AAE003809F6 /* OSBarcodeLib */,
				7507FC1E27FC2AAE003809F6 /* OSBarcodeLibTests */,
				7507FC1327FC2AAE003809F6 /* Products */,
			);
			sourceTree = "<group>";
		};
		7507FC1327FC2AAE003809F6 /* Products */ = {
			isa = PBXGroup;
			children = (
				7507FC1227FC2AAE003809F6 /* OSBarcodeLib.framework */,
				7507FC1A27FC2AAE003809F6 /* OSBarcodeLibTests.xctest */,
			);
			name = Products;
			sourceTree = "<group>";
		};
		7507FC1427FC2AAE003809F6 /* OSBarcodeLib */ = {
			isa = PBXGroup;
			children = (
				758E6C142B0238F100FC16D9 /* Models */,
				75E2B1D02AF3ADE500DB689E /* Coordinator */,
				75D20FE02AF16AF1009AD84D /* Manager */,
				75E2B2042AF414DD00DB689E /* Permissions */,
				75E2B1C32AF3A97400DB689E /* Scanner */,
			);
			name = OSBarcodeLib;
			path = Sources/OSBarcodeLib;
			sourceTree = "<group>";
		};
		7507FC1E27FC2AAE003809F6 /* OSBarcodeLibTests */ = {
			isa = PBXGroup;
			children = (
				75C20B682AF4FD1900CCB5B1 /* OSBARCTestValues.swift */,
				75E2B2072AF4155E00DB689E /* Stubs */,
				75C20B6A2AF4FE0700CCB5B1 /* OSBARCManagerFactoryTests.swift */,
				75E2B2052AF4153900DB689E /* OSBARCManagerTests.swift */,
			);
			name = OSBarcodeLibTests;
			path = Tests/OSBarcodeLibTests;
			sourceTree = "<group>";
		};
		7513C4822B03E86B005E81C4 /* MappableProtocol */ = {
			isa = PBXGroup;
			children = (
				7513C4832B03E86B005E81C4 /* OSBARCDeviceTypeModelMappable.swift */,
				7513C4842B03E86B005E81C4 /* OSBARCModelMappable.swift */,
			);
			path = MappableProtocol;
			sourceTree = "<group>";
		};
		756E17462B754BFA00D594DA /* CameraManager */ = {
			isa = PBXGroup;
			children = (
				75508CE02B7A793A00507B09 /* OSBARCCameraChange.swift */,
				756E17442B754B6400D594DA /* OSBARCCameraManager.swift */,
				756E17472B754C0900D594DA /* OSBARCCameraManagerEnums.swift */,
				756E17492B754C4700D594DA /* OSBARCCameraType+DeviceType.swift */,
				755AB5872B768425006B6507 /* OSBARCCaptureOutputDecoder.swift */,
				756E174B2B754C7600D594DA /* OSBARCCaptureSessionManager.swift */,
			);
			path = CameraManager;
			sourceTree = "<group>";
		};
		758E6C142B0238F100FC16D9 /* Models */ = {
			isa = PBXGroup;
			children = (
				6308125E2E5891E700536FE7 /* OSBARCScanParameters.swift */,
				7513C4822B03E86B005E81C4 /* MappableProtocol */,
				758E6C152B0238FF00FC16D9 /* OSBARCCameraModel.swift */,
				7513C4802B03E86B005E81C4 /* OSBARCDeviceTypeModel.swift */,
				7513C4812B03E86B005E81C4 /* OSBARCOrientationModel.swift */,
				630812562E5866C700536FE7 /* OSBARCScannerHint.swift */,
				630812602E589F5600536FE7 /* OSBARCScanResult.swift */,
			);
			path = Models;
			sourceTree = "<group>";
		};
		758E6C172B0239C100FC16D9 /* Extensions */ = {
			isa = PBXGroup;
			children = (
				6308125C2E58902100536FE7 /* OSBARCScannerHint+VNBarcodeSymbology.swift */,
				758E6C182B0239E700FC16D9 /* AVCaptureDevice+OSBARCModelMappable.swift */,
				7513C48F2B03E922005E81C4 /* AVCaptureVideoOrientation+CustomInit.swift */,
				75183A152B7389EC00AFC687 /* Float+DecimalPlacesCleaner.swift */,
				75562B3C2B17676D00F31AF6 /* Notification+CustomEvents.swift */,
				75562B3E2B1767C100F31AF6 /* UIApplication+Window.swift */,
				7513C48C2B03E8DE005E81C4 /* UIInterfaceOrientationMask+OSBARCModelMappable.swift */,
				7513C48B2B03E8DE005E81C4 /* UIUserInterfaceIdiom+OSBARCModelMappable.swift */,
				75E2B20E2AF41B5000DB689E /* View+CustomModifiers.swift */,
			);
			path = Extensions;
			sourceTree = "<group>";
		};
		75D20FE02AF16AF1009AD84D /* Manager */ = {
			isa = PBXGroup;
			children = (
				75D20FDB2AF16AC9009AD84D /* OSBARCManager.swift */,
				75D20FE12AF16B0A009AD84D /* OSBARCManagerFactory.swift */,
				75D20FDE2AF16AE4009AD84D /* OSBARCManagerProtocol.swift */,
			);
			path = Manager;
			sourceTree = "<group>";
		};
		75E2B1C32AF3A97400DB689E /* Scanner */ = {
			isa = PBXGroup;
			children = (
				756E17462B754BFA00D594DA /* CameraManager */,
				75EF59982B0E2EE30084F144 /* Interface Elements */,
				758E6C172B0239C100FC16D9 /* Extensions */,
				75A1FC622AFA40D200AA775F /* OSBARCScannerView.xcassets */,
				75E2B1CC2AF3AC5500DB689E /* OSBARCScannerBehaviour.swift */,
				75E2B1CE2AF3ACE900DB689E /* OSBARCScannerProtocol.swift */,
				75E2B1C62AF3A99A00DB689E /* OSBARCScannerView.swift */,
				750B35862AFA93B100F90083 /* OSBARCScannerViewConfigurationValues.swift */,
				75E2B1D32AF3C80C00DB689E /* OSBARCScannerViewController.swift */,
				75E2B1D52AF3C93200DB689E /* OSBARCScannerViewControllerRepresentable.swift */,
				7513C4892B03E8D6005E81C4 /* OSBARCScannerViewHostingController.swift */,
				756E17402B754B2200D594DA /* OSBARCScannerViewModel.swift */,
			);
			path = Scanner;
			sourceTree = "<group>";
		};
		75E2B1D02AF3ADE500DB689E /* Coordinator */ = {
			isa = PBXGroup;
			children = (
				75E2B1D12AF3AE1200DB689E /* OSBARCCoordinatable.swift */,
				75D20FE42AF17A87009AD84D /* OSBARCCoordinator.swift */,
				75D20FE62AF17AFC009AD84D /* OSBARCCoordinatorProtocol.swift */,
			);
			path = Coordinator;
			sourceTree = "<group>";
		};
		75E2B2042AF414DD00DB689E /* Permissions */ = {
			isa = PBXGroup;
			children = (
				75D20FE82AF17C1C009AD84D /* OSBARCPermissionsProtocol.swift */,
				75D20FEA2AF17C8E009AD84D /* OSBARCPermissionsBehaviour.swift */,
			);
			path = Permissions;
			sourceTree = "<group>";
		};
		75E2B2072AF4155E00DB689E /* Stubs */ = {
			isa = PBXGroup;
			children = (
				75E2B2082AF4156F00DB689E /* OSBARCPermissionsStub.swift */,
				75E2B20B2AF415C000DB689E /* OSBARCScannerStub.swift */,
			);
			path = Stubs;
			sourceTree = "<group>";
		};
		75EF59982B0E2EE30084F144 /* Interface Elements */ = {
			isa = PBXGroup;
			children = (
				75EF59992B0E2F220084F144 /* OSBARCBackgroundView.swift */,
				75EF599D2B0E31620084F144 /* OSBARCCancelButton.swift */,
				75EF599F2B0E44660084F144 /* OSBARCInstructionsText.swift */,
				75EF59A32B0E4A410084F144 /* OSBARCScanButton.swift */,
				75EF59A12B0E462B0084F144 /* OSBARCScanningZone.swift */,
				7554D70A2AFA3A0E00D4261C /* OSBARCTorchButton.swift */,
				75183A132B73817000AFC687 /* OSBARCZoomButton.swift */,
				75183A172B73936500AFC687 /* OSBARCZoomSelectorView.swift */,
			);
			path = "Interface Elements";
			sourceTree = "<group>";
		};
/* End PBXGroup section */

/* Begin PBXHeadersBuildPhase section */
		7507FC0D27FC2AAE003809F6 /* Headers */ = {
			isa = PBXHeadersBuildPhase;
			buildActionMask = 2147483647;
			files = (
			);
			runOnlyForDeploymentPostprocessing = 0;
		};
/* End PBXHeadersBuildPhase section */

/* Begin PBXNativeTarget section */
		7507FC1127FC2AAE003809F6 /* OSBarcodeLib */ = {
			isa = PBXNativeTarget;
			buildConfigurationList = 7507FC2427FC2AAE003809F6 /* Build configuration list for PBXNativeTarget "OSBarcodeLib" */;
			buildPhases = (
				7507FC0D27FC2AAE003809F6 /* Headers */,
				7507FC0E27FC2AAE003809F6 /* Sources */,
				7507FC0F27FC2AAE003809F6 /* Frameworks */,
				7507FC1027FC2AAE003809F6 /* Resources */,
				75D20FE32AF17204009AD84D /* ShellScript */,
			);
			buildRules = (
			);
			dependencies = (
			);
			name = OSBarcodeLib;
			productName = OSBarcodeLib;
			productReference = 7507FC1227FC2AAE003809F6 /* OSBarcodeLib.framework */;
			productType = "com.apple.product-type.framework";
		};
		7507FC1927FC2AAE003809F6 /* OSBarcodeLibTests */ = {
			isa = PBXNativeTarget;
			buildConfigurationList = 7507FC2727FC2AAE003809F6 /* Build configuration list for PBXNativeTarget "OSBarcodeLibTests" */;
			buildPhases = (
				7507FC1627FC2AAE003809F6 /* Sources */,
				7507FC1727FC2AAE003809F6 /* Frameworks */,
				7507FC1827FC2AAE003809F6 /* Resources */,
			);
			buildRules = (
			);
			dependencies = (
				7507FC1D27FC2AAE003809F6 /* PBXTargetDependency */,
			);
			name = OSBarcodeLibTests;
			productName = OSBarcodeLibTests;
			productReference = 7507FC1A27FC2AAE003809F6 /* OSBarcodeLibTests.xctest */;
			productType = "com.apple.product-type.bundle.unit-test";
		};
/* End PBXNativeTarget section */

/* Begin PBXProject section */
		7507FC0927FC2AAE003809F6 /* Project object */ = {
			isa = PBXProject;
			attributes = {
				BuildIndependentTargetsInParallel = 1;
				LastSwiftUpdateCheck = 1330;
				LastUpgradeCheck = 1500;
				TargetAttributes = {
					7507FC1127FC2AAE003809F6 = {
						CreatedOnToolsVersion = 13.3;
						LastSwiftMigration = 1500;
					};
					7507FC1927FC2AAE003809F6 = {
						CreatedOnToolsVersion = 13.3;
					};
				};
			};
			buildConfigurationList = 7507FC0C27FC2AAE003809F6 /* Build configuration list for PBXProject "OSBarcodeLib" */;
			compatibilityVersion = "Xcode 13.0";
			developmentRegion = en;
			hasScannedForEncodings = 0;
			knownRegions = (
				en,
				Base,
			);
			mainGroup = 7507FC0827FC2AAE003809F6;
			productRefGroup = 7507FC1327FC2AAE003809F6 /* Products */;
			projectDirPath = "";
			projectRoot = "";
			targets = (
				7507FC1127FC2AAE003809F6 /* OSBarcodeLib */,
				7507FC1927FC2AAE003809F6 /* OSBarcodeLibTests */,
			);
		};
/* End PBXProject section */

/* Begin PBXResourcesBuildPhase section */
		7507FC1027FC2AAE003809F6 /* Resources */ = {
			isa = PBXResourcesBuildPhase;
			buildActionMask = 2147483647;
			files = (
				75A1FC632AFA40D200AA775F /* OSBARCScannerView.xcassets in Resources */,
			);
			runOnlyForDeploymentPostprocessing = 0;
		};
		7507FC1827FC2AAE003809F6 /* Resources */ = {
			isa = PBXResourcesBuildPhase;
			buildActionMask = 2147483647;
			files = (
			);
			runOnlyForDeploymentPostprocessing = 0;
		};
/* End PBXResourcesBuildPhase section */

/* Begin PBXShellScriptBuildPhase section */
		75D20FE32AF17204009AD84D /* ShellScript */ = {
			isa = PBXShellScriptBuildPhase;
			alwaysOutOfDate = 1;
			buildActionMask = 2147483647;
			files = (
			);
			inputFileListPaths = (
			);
			inputPaths = (
			);
			outputFileListPaths = (
			);
			outputPaths = (
			);
			runOnlyForDeploymentPostprocessing = 0;
			shellPath = /bin/sh;
			shellScript = "if which swiftlint >/dev/null; then\nswiftlint\nelse\necho \"warning: Swiftlint not installed, download from https://github.com/realm/SwiftLint\"\nfi\n";
		};
/* End PBXShellScriptBuildPhase section */

/* Begin PBXSourcesBuildPhase section */
		7507FC0E27FC2AAE003809F6 /* Sources */ = {
			isa = PBXSourcesBuildPhase;
			buildActionMask = 2147483647;
			files = (
				75D20FEB2AF17C8E009AD84D /* OSBARCPermissionsBehaviour.swift in Sources */,
				630812572E5866D900536FE7 /* OSBARCScannerHint.swift in Sources */,
				750B35872AFA93B100F90083 /* OSBARCScannerViewConfigurationValues.swift in Sources */,
				75183A162B7389EC00AFC687 /* Float+DecimalPlacesCleaner.swift in Sources */,
				756E17452B754B6400D594DA /* OSBARCCameraManager.swift in Sources */,
				7513C48A2B03E8D6005E81C4 /* OSBARCScannerViewHostingController.swift in Sources */,
				7513C4902B03E922005E81C4 /* AVCaptureVideoOrientation+CustomInit.swift in Sources */,
				756E17482B754C0900D594DA /* OSBARCCameraManagerEnums.swift in Sources */,
				75E2B1CD2AF3AC5500DB689E /* OSBARCScannerBehaviour.swift in Sources */,
				75E2B1C72AF3A99A00DB689E /* OSBARCScannerView.swift in Sources */,
				75E2B1CF2AF3ACE900DB689E /* OSBARCScannerProtocol.swift in Sources */,
				75183A142B73817000AFC687 /* OSBARCZoomButton.swift in Sources */,
				758E6C192B0239E700FC16D9 /* AVCaptureDevice+OSBARCModelMappable.swift in Sources */,
				75508CE12B7A793A00507B09 /* OSBARCCameraChange.swift in Sources */,
				75D20FE92AF17C1C009AD84D /* OSBARCPermissionsProtocol.swift in Sources */,
				75D20FE52AF17A87009AD84D /* OSBARCCoordinator.swift in Sources */,
				75562B3F2B1767C100F31AF6 /* UIApplication+Window.swift in Sources */,
				75D20FE72AF17AFC009AD84D /* OSBARCCoordinatorProtocol.swift in Sources */,
				75D20FE22AF16B0A009AD84D /* OSBARCManagerFactory.swift in Sources */,
				630812612E589F5A00536FE7 /* OSBARCScanResult.swift in Sources */,
				75EF59A42B0E4A410084F144 /* OSBARCScanButton.swift in Sources */,
				75183A182B73936500AFC687 /* OSBARCZoomSelectorView.swift in Sources */,
				75D20FDC2AF16AC9009AD84D /* OSBARCManager.swift in Sources */,
				75E2B1D42AF3C80C00DB689E /* OSBARCScannerViewController.swift in Sources */,
				756E174A2B754C4700D594DA /* OSBARCCameraType+DeviceType.swift in Sources */,
				75E2B1D62AF3C93200DB689E /* OSBARCScannerViewControllerRepresentable.swift in Sources */,
				7554D70B2AFA3A0E00D4261C /* OSBARCTorchButton.swift in Sources */,
				756E17412B754B2200D594DA /* OSBARCScannerViewModel.swift in Sources */,
				756E174C2B754C7600D594DA /* OSBARCCaptureSessionManager.swift in Sources */,
				75EF59A22B0E462B0084F144 /* OSBARCScanningZone.swift in Sources */,
				7513C48D2B03E8DF005E81C4 /* UIUserInterfaceIdiom+OSBARCModelMappable.swift in Sources */,
				75E2B20F2AF41B5000DB689E /* View+CustomModifiers.swift in Sources */,
				75E2B1D22AF3AE1200DB689E /* OSBARCCoordinatable.swift in Sources */,
				758E6C162B0238FF00FC16D9 /* OSBARCCameraModel.swift in Sources */,
				7513C48E2B03E8DF005E81C4 /* UIInterfaceOrientationMask+OSBARCModelMappable.swift in Sources */,
				75D20FDF2AF16AE4009AD84D /* OSBARCManagerProtocol.swift in Sources */,
				75EF599E2B0E31620084F144 /* OSBARCCancelButton.swift in Sources */,
				75562B3D2B17676D00F31AF6 /* Notification+CustomEvents.swift in Sources */,
				755AB5882B768425006B6507 /* OSBARCCaptureOutputDecoder.swift in Sources */,
				7513C4872B03E86B005E81C4 /* OSBARCDeviceTypeModelMappable.swift in Sources */,
				75EF59A02B0E44660084F144 /* OSBARCInstructionsText.swift in Sources */,
				6308125F2E5891ED00536FE7 /* OSBARCScanParameters.swift in Sources */,
				7513C4882B03E86B005E81C4 /* OSBARCModelMappable.swift in Sources */,
				6308125D2E58902B00536FE7 /* OSBARCScannerHint+VNBarcodeSymbology.swift in Sources */,
				7513C4862B03E86B005E81C4 /* OSBARCOrientationModel.swift in Sources */,
				75EF599A2B0E2F220084F144 /* OSBARCBackgroundView.swift in Sources */,
				7513C4852B03E86B005E81C4 /* OSBARCDeviceTypeModel.swift in Sources */,
			);
			runOnlyForDeploymentPostprocessing = 0;
		};
		7507FC1627FC2AAE003809F6 /* Sources */ = {
			isa = PBXSourcesBuildPhase;
			buildActionMask = 2147483647;
			files = (
				75E2B20C2AF415C000DB689E /* OSBARCScannerStub.swift in Sources */,
				75E2B2092AF4156F00DB689E /* OSBARCPermissionsStub.swift in Sources */,
				75E2B2062AF4153900DB689E /* OSBARCManagerTests.swift in Sources */,
				75C20B6B2AF4FE0700CCB5B1 /* OSBARCManagerFactoryTests.swift in Sources */,
				75C20B692AF4FD1900CCB5B1 /* OSBARCTestValues.swift in Sources */,
			);
			runOnlyForDeploymentPostprocessing = 0;
		};
/* End PBXSourcesBuildPhase section */

/* Begin PBXTargetDependency section */
		7507FC1D27FC2AAE003809F6 /* PBXTargetDependency */ = {
			isa = PBXTargetDependency;
			target = 7507FC1127FC2AAE003809F6 /* OSBarcodeLib */;
			targetProxy = 7507FC1C27FC2AAE003809F6 /* PBXContainerItemProxy */;
		};
/* End PBXTargetDependency section */

/* Begin XCBuildConfiguration section */
		7507FC2227FC2AAE003809F6 /* Debug */ = {
			isa = XCBuildConfiguration;
			buildSettings = {
				ALWAYS_SEARCH_USER_PATHS = NO;
				CLANG_ANALYZER_NONNULL = YES;
				CLANG_ANALYZER_NUMBER_OBJECT_CONVERSION = YES_AGGRESSIVE;
				CLANG_CXX_LANGUAGE_STANDARD = "gnu++17";
				CLANG_ENABLE_MODULES = YES;
				CLANG_ENABLE_OBJC_ARC = YES;
				CLANG_ENABLE_OBJC_WEAK = YES;
				CLANG_WARN_BLOCK_CAPTURE_AUTORELEASING = YES;
				CLANG_WARN_BOOL_CONVERSION = YES;
				CLANG_WARN_COMMA = YES;
				CLANG_WARN_CONSTANT_CONVERSION = YES;
				CLANG_WARN_DEPRECATED_OBJC_IMPLEMENTATIONS = YES;
				CLANG_WARN_DIRECT_OBJC_ISA_USAGE = YES_ERROR;
				CLANG_WARN_DOCUMENTATION_COMMENTS = YES;
				CLANG_WARN_EMPTY_BODY = YES;
				CLANG_WARN_ENUM_CONVERSION = YES;
				CLANG_WARN_INFINITE_RECURSION = YES;
				CLANG_WARN_INT_CONVERSION = YES;
				CLANG_WARN_NON_LITERAL_NULL_CONVERSION = YES;
				CLANG_WARN_OBJC_IMPLICIT_RETAIN_SELF = YES;
				CLANG_WARN_OBJC_LITERAL_CONVERSION = YES;
				CLANG_WARN_OBJC_ROOT_CLASS = YES_ERROR;
				CLANG_WARN_QUOTED_INCLUDE_IN_FRAMEWORK_HEADER = YES;
				CLANG_WARN_RANGE_LOOP_ANALYSIS = YES;
				CLANG_WARN_STRICT_PROTOTYPES = YES;
				CLANG_WARN_SUSPICIOUS_MOVE = YES;
				CLANG_WARN_UNGUARDED_AVAILABILITY = YES_AGGRESSIVE;
				CLANG_WARN_UNREACHABLE_CODE = YES;
				CLANG_WARN__DUPLICATE_METHOD_MATCH = YES;
				COPY_PHASE_STRIP = NO;
				CURRENT_PROJECT_VERSION = 11;
				DEBUG_INFORMATION_FORMAT = dwarf;
				ENABLE_STRICT_OBJC_MSGSEND = YES;
				ENABLE_TESTABILITY = YES;
				ENABLE_USER_SCRIPT_SANDBOXING = YES;
				GCC_C_LANGUAGE_STANDARD = gnu11;
				GCC_DYNAMIC_NO_PIC = NO;
				GCC_NO_COMMON_BLOCKS = YES;
				GCC_OPTIMIZATION_LEVEL = 0;
				GCC_PREPROCESSOR_DEFINITIONS = (
					"DEBUG=1",
					"$(inherited)",
				);
				GCC_WARN_64_TO_32_BIT_CONVERSION = YES;
				GCC_WARN_ABOUT_RETURN_TYPE = YES_ERROR;
				GCC_WARN_UNDECLARED_SELECTOR = YES;
				GCC_WARN_UNINITIALIZED_AUTOS = YES_AGGRESSIVE;
				GCC_WARN_UNUSED_FUNCTION = YES;
				GCC_WARN_UNUSED_VARIABLE = YES;
				IPHONEOS_DEPLOYMENT_TARGET = 13.0;
				MARKETING_VERSION = 2.2.1;
				MTL_ENABLE_DEBUG_INFO = INCLUDE_SOURCE;
				MTL_FAST_MATH = YES;
				ONLY_ACTIVE_ARCH = YES;
				SDKROOT = iphoneos;
				SWIFT_ACTIVE_COMPILATION_CONDITIONS = DEBUG;
				SWIFT_OPTIMIZATION_LEVEL = "-Onone";
				VERSIONING_SYSTEM = "apple-generic";
				VERSION_INFO_PREFIX = "";
			};
			name = Debug;
		};
		7507FC2327FC2AAE003809F6 /* Release */ = {
			isa = XCBuildConfiguration;
			buildSettings = {
				ALWAYS_SEARCH_USER_PATHS = NO;
				CLANG_ANALYZER_NONNULL = YES;
				CLANG_ANALYZER_NUMBER_OBJECT_CONVERSION = YES_AGGRESSIVE;
				CLANG_CXX_LANGUAGE_STANDARD = "gnu++17";
				CLANG_ENABLE_MODULES = YES;
				CLANG_ENABLE_OBJC_ARC = YES;
				CLANG_ENABLE_OBJC_WEAK = YES;
				CLANG_WARN_BLOCK_CAPTURE_AUTORELEASING = YES;
				CLANG_WARN_BOOL_CONVERSION = YES;
				CLANG_WARN_COMMA = YES;
				CLANG_WARN_CONSTANT_CONVERSION = YES;
				CLANG_WARN_DEPRECATED_OBJC_IMPLEMENTATIONS = YES;
				CLANG_WARN_DIRECT_OBJC_ISA_USAGE = YES_ERROR;
				CLANG_WARN_DOCUMENTATION_COMMENTS = YES;
				CLANG_WARN_EMPTY_BODY = YES;
				CLANG_WARN_ENUM_CONVERSION = YES;
				CLANG_WARN_INFINITE_RECURSION = YES;
				CLANG_WARN_INT_CONVERSION = YES;
				CLANG_WARN_NON_LITERAL_NULL_CONVERSION = YES;
				CLANG_WARN_OBJC_IMPLICIT_RETAIN_SELF = YES;
				CLANG_WARN_OBJC_LITERAL_CONVERSION = YES;
				CLANG_WARN_OBJC_ROOT_CLASS = YES_ERROR;
				CLANG_WARN_QUOTED_INCLUDE_IN_FRAMEWORK_HEADER = YES;
				CLANG_WARN_RANGE_LOOP_ANALYSIS = YES;
				CLANG_WARN_STRICT_PROTOTYPES = YES;
				CLANG_WARN_SUSPICIOUS_MOVE = YES;
				CLANG_WARN_UNGUARDED_AVAILABILITY = YES_AGGRESSIVE;
				CLANG_WARN_UNREACHABLE_CODE = YES;
				CLANG_WARN__DUPLICATE_METHOD_MATCH = YES;
				COPY_PHASE_STRIP = NO;
				CURRENT_PROJECT_VERSION = 11;
				DEBUG_INFORMATION_FORMAT = "dwarf-with-dsym";
				ENABLE_NS_ASSERTIONS = NO;
				ENABLE_STRICT_OBJC_MSGSEND = YES;
				ENABLE_USER_SCRIPT_SANDBOXING = YES;
				GCC_C_LANGUAGE_STANDARD = gnu11;
				GCC_NO_COMMON_BLOCKS = YES;
				GCC_WARN_64_TO_32_BIT_CONVERSION = YES;
				GCC_WARN_ABOUT_RETURN_TYPE = YES_ERROR;
				GCC_WARN_UNDECLARED_SELECTOR = YES;
				GCC_WARN_UNINITIALIZED_AUTOS = YES_AGGRESSIVE;
				GCC_WARN_UNUSED_FUNCTION = YES;
				GCC_WARN_UNUSED_VARIABLE = YES;
				IPHONEOS_DEPLOYMENT_TARGET = 13.0;
				MARKETING_VERSION = 2.2.1;
				MTL_ENABLE_DEBUG_INFO = NO;
				MTL_FAST_MATH = YES;
				SDKROOT = iphoneos;
				SWIFT_COMPILATION_MODE = wholemodule;
				SWIFT_OPTIMIZATION_LEVEL = "-O";
				VALIDATE_PRODUCT = YES;
				VERSIONING_SYSTEM = "apple-generic";
				VERSION_INFO_PREFIX = "";
			};
			name = Release;
		};
		7507FC2527FC2AAE003809F6 /* Debug */ = {
			isa = XCBuildConfiguration;
			buildSettings = {
				BUILD_LIBRARY_FOR_DISTRIBUTION = YES;
				CLANG_ENABLE_MODULES = YES;
				CODE_SIGN_IDENTITY = "";
				CODE_SIGN_STYLE = Automatic;
				CURRENT_PROJECT_VERSION = 11;
				DEFINES_MODULE = YES;
				DEVELOPMENT_TEAM = EVSWK8BA55;
				DYLIB_COMPATIBILITY_VERSION = 1;
				DYLIB_CURRENT_VERSION = 1;
				DYLIB_INSTALL_NAME_BASE = "@rpath";
				ENABLE_MODULE_VERIFIER = YES;
				ENABLE_USER_SCRIPT_SANDBOXING = NO;
				GENERATE_INFOPLIST_FILE = YES;
				INFOPLIST_KEY_NSHumanReadableCopyright = "";
				INSTALL_PATH = "$(LOCAL_LIBRARY_DIR)/Frameworks";
				IPHONEOS_DEPLOYMENT_TARGET = 13.0;
				LD_RUNPATH_SEARCH_PATHS = (
					"$(inherited)",
					"@executable_path/Frameworks",
					"@loader_path/Frameworks",
				);
				MARKETING_VERSION = 2.2.1;
				MODULE_VERIFIER_SUPPORTED_LANGUAGES = "objective-c objective-c++";
				MODULE_VERIFIER_SUPPORTED_LANGUAGE_STANDARDS = "gnu11 gnu++17";
				PRODUCT_BUNDLE_IDENTIFIER = com.outsystems.rd.barcode.OSBarcodeLib;
				PRODUCT_NAME = "$(TARGET_NAME:c99extidentifier)";
				SKIP_INSTALL = YES;
				SUPPORTED_PLATFORMS = "iphoneos iphonesimulator";
				SUPPORTS_MACCATALYST = NO;
				SUPPORTS_MAC_DESIGNED_FOR_IPHONE_IPAD = NO;
				SWIFT_EMIT_LOC_STRINGS = YES;
				SWIFT_OPTIMIZATION_LEVEL = "-Onone";
				SWIFT_VERSION = 5.0;
				TARGETED_DEVICE_FAMILY = "1,2";
			};
			name = Debug;
		};
		7507FC2627FC2AAE003809F6 /* Release */ = {
			isa = XCBuildConfiguration;
			buildSettings = {
				BUILD_LIBRARY_FOR_DISTRIBUTION = YES;
				CLANG_ENABLE_MODULES = YES;
				CODE_SIGN_IDENTITY = "";
				CODE_SIGN_STYLE = Automatic;
				CURRENT_PROJECT_VERSION = 11;
				DEFINES_MODULE = YES;
				DEVELOPMENT_TEAM = EVSWK8BA55;
				DYLIB_COMPATIBILITY_VERSION = 1;
				DYLIB_CURRENT_VERSION = 1;
				DYLIB_INSTALL_NAME_BASE = "@rpath";
				ENABLE_MODULE_VERIFIER = YES;
				ENABLE_USER_SCRIPT_SANDBOXING = NO;
				GENERATE_INFOPLIST_FILE = YES;
				INFOPLIST_KEY_NSHumanReadableCopyright = "";
				INSTALL_PATH = "$(LOCAL_LIBRARY_DIR)/Frameworks";
				IPHONEOS_DEPLOYMENT_TARGET = 13.0;
				LD_RUNPATH_SEARCH_PATHS = (
					"$(inherited)",
					"@executable_path/Frameworks",
					"@loader_path/Frameworks",
				);
				MARKETING_VERSION = 2.2.1;
				MODULE_VERIFIER_SUPPORTED_LANGUAGES = "objective-c objective-c++";
				MODULE_VERIFIER_SUPPORTED_LANGUAGE_STANDARDS = "gnu11 gnu++17";
				PRODUCT_BUNDLE_IDENTIFIER = com.outsystems.rd.barcode.OSBarcodeLib;
				PRODUCT_NAME = "$(TARGET_NAME:c99extidentifier)";
				SKIP_INSTALL = YES;
				SUPPORTED_PLATFORMS = "iphoneos iphonesimulator";
				SUPPORTS_MACCATALYST = NO;
				SUPPORTS_MAC_DESIGNED_FOR_IPHONE_IPAD = NO;
				SWIFT_EMIT_LOC_STRINGS = YES;
				SWIFT_VERSION = 5.0;
				TARGETED_DEVICE_FAMILY = "1,2";
			};
			name = Release;
		};
		7507FC2827FC2AAE003809F6 /* Debug */ = {
			isa = XCBuildConfiguration;
			buildSettings = {
				ALWAYS_EMBED_SWIFT_STANDARD_LIBRARIES = YES;
				CODE_SIGN_STYLE = Automatic;
				CURRENT_PROJECT_VERSION = 11;
				DEVELOPMENT_TEAM = EVSWK8BA55;
				GENERATE_INFOPLIST_FILE = YES;
				MARKETING_VERSION = 2.2.1;
				PRODUCT_BUNDLE_IDENTIFIER = com.outsystems.rd.barcode.OSBarcodeLibTests;
				PRODUCT_NAME = "$(TARGET_NAME)";
				SUPPORTED_PLATFORMS = "iphoneos iphonesimulator";
				SUPPORTS_MACCATALYST = NO;
				SUPPORTS_MAC_DESIGNED_FOR_IPHONE_IPAD = NO;
				SWIFT_EMIT_LOC_STRINGS = NO;
				SWIFT_VERSION = 5.0;
				TARGETED_DEVICE_FAMILY = "1,2";
			};
			name = Debug;
		};
		7507FC2927FC2AAE003809F6 /* Release */ = {
			isa = XCBuildConfiguration;
			buildSettings = {
				ALWAYS_EMBED_SWIFT_STANDARD_LIBRARIES = YES;
				CODE_SIGN_STYLE = Automatic;
				CURRENT_PROJECT_VERSION = 11;
				DEVELOPMENT_TEAM = EVSWK8BA55;
				GENERATE_INFOPLIST_FILE = YES;
				MARKETING_VERSION = 2.2.1;
				PRODUCT_BUNDLE_IDENTIFIER = com.outsystems.rd.barcode.OSBarcodeLibTests;
				PRODUCT_NAME = "$(TARGET_NAME)";
				SUPPORTED_PLATFORMS = "iphoneos iphonesimulator";
				SUPPORTS_MACCATALYST = NO;
				SUPPORTS_MAC_DESIGNED_FOR_IPHONE_IPAD = NO;
				SWIFT_EMIT_LOC_STRINGS = NO;
				SWIFT_VERSION = 5.0;
				TARGETED_DEVICE_FAMILY = "1,2";
			};
			name = Release;
		};
/* End XCBuildConfiguration section */

/* Begin XCConfigurationList section */
		7507FC0C27FC2AAE003809F6 /* Build configuration list for PBXProject "OSBarcodeLib" */ = {
			isa = XCConfigurationList;
			buildConfigurations = (
				7507FC2227FC2AAE003809F6 /* Debug */,
				7507FC2327FC2AAE003809F6 /* Release */,
			);
			defaultConfigurationIsVisible = 0;
			defaultConfigurationName = Release;
		};
		7507FC2427FC2AAE003809F6 /* Build configuration list for PBXNativeTarget "OSBarcodeLib" */ = {
			isa = XCConfigurationList;
			buildConfigurations = (
				7507FC2527FC2AAE003809F6 /* Debug */,
				7507FC2627FC2AAE003809F6 /* Release */,
			);
			defaultConfigurationIsVisible = 0;
			defaultConfigurationName = Release;
		};
		7507FC2727FC2AAE003809F6 /* Build configuration list for PBXNativeTarget "OSBarcodeLibTests" */ = {
			isa = XCConfigurationList;
			buildConfigurations = (
				7507FC2827FC2AAE003809F6 /* Debug */,
				7507FC2927FC2AAE003809F6 /* Release */,
			);
			defaultConfigurationIsVisible = 0;
			defaultConfigurationName = Release;
		};
/* End XCConfigurationList section */
	};
	rootObject = 7507FC0927FC2AAE003809F6 /* Project object */;
}
